
Microsoft Visual Studio Solution File, Format Version 12.00
# Visual Studio 15
VisualStudioVersion = 15.0.28307.645
MinimumVisualStudioVersion = 10.0.40219.1
Project("{8BC9CEB8-8B4A-11D0-8D11-00A0C91BC942}") = "EmotiBit_Example", "EmotiBit_Example.vcxproj", "{6CA83E37-CEBD-4D6B-A7E0-FFEF3DCAEAED}"
EndProject
Project("{2150E333-8FDC-42A3-9474-1A3956D46DE8}") = "Solution Items", "Solution Items", "{28C348CA-BE50-4602-AF34-F8EC608992A3}"
	ProjectSection(SolutionItems) = preProject
		Performance1.psess = Performance1.psess
	EndProjectSection
EndProject
Global
	GlobalSection(SolutionConfigurationPlatforms) = preSolution
		Debug|x86 = Debug|x86
		Release|x86 = Release|x86
	EndGlobalSection
	GlobalSection(ProjectConfigurationPlatforms) = postSolution
		{6CA83E37-CEBD-4D6B-A7E0-FFEF3DCAEAED}.Debug|x86.ActiveCfg = Debug|Win32
		{6CA83E37-CEBD-4D6B-A7E0-FFEF3DCAEAED}.Release|x86.ActiveCfg = Release|Win32
	EndGlobalSection
	GlobalSection(SolutionProperties) = preSolution
		HideSolutionNode = FALSE
	EndGlobalSection
	GlobalSection(ExtensibilityGlobals) = postSolution
		SolutionGuid = {AA9CB269-B041-4C42-AFF4-E41F185813BE}
	EndGlobalSection
EndGlobal
